// !$*UTF8*$!
{
	archiveVersion = 1;
	classes = {
	};
	objectVersion = 55;
	objects = {

/* Begin PBXBuildFile section */
		FFE40C06290A5D8A00FA7B95 /* AnzanEnhanceAppApp.swift in Sources */ = {isa = PBXBuildFile; fileRef = FFE40C05290A5D8A00FA7B95 /* AnzanEnhanceAppApp.swift */; };
		FFE40C08290A5D8A00FA7B95 /* ContentView.swift in Sources */ = {isa = PBXBuildFile; fileRef = FFE40C07290A5D8A00FA7B95 /* ContentView.swift */; };
		FFE40C0A290A5D8D00FA7B95 /* Assets.xcassets in Resources */ = {isa = PBXBuildFile; fileRef = FFE40C09290A5D8D00FA7B95 /* Assets.xcassets */; };
		FFE40C0D290A5D8D00FA7B95 /* Preview Assets.xcassets in Resources */ = {isa = PBXBuildFile; fileRef = FFE40C0C290A5D8D00FA7B95 /* Preview Assets.xcassets */; };
		FFE40C15290A67C800FA7B95 /* AnswerView.swift in Sources */ = {isa = PBXBuildFile; fileRef = FFE40C14290A67C800FA7B95 /* AnswerView.swift */; };
		FFE40C17290A6C8400FA7B95 /* BackgoundView.swift in Sources */ = {isa = PBXBuildFile; fileRef = FFE40C16290A6C8400FA7B95 /* BackgoundView.swift */; };
		FFE40C19290C139C00FA7B95 /* SoundPlayer.swift in Sources */ = {isa = PBXBuildFile; fileRef = FFE40C18290C139C00FA7B95 /* SoundPlayer.swift */; };
		FFE40C1D290C8E0E00FA7B95 /* OperatorModel.swift in Sources */ = {isa = PBXBuildFile; fileRef = FFE40C1C290C8E0E00FA7B95 /* OperatorModel.swift */; };
/* End PBXBuildFile section */

/* Begin PBXFileReference section */
		FFE40C02290A5D8A00FA7B95 /* AnzanEnhanceApp.app */ = {isa = PBXFileReference; explicitFileType = wrapper.application; includeInIndex = 0; path = AnzanEnhanceApp.app; sourceTree = BUILT_PRODUCTS_DIR; };
		FFE40C05290A5D8A00FA7B95 /* AnzanEnhanceAppApp.swift */ = {isa = PBXFileReference; lastKnownFileType = sourcecode.swift; path = AnzanEnhanceAppApp.swift; sourceTree = "<group>"; };
		FFE40C07290A5D8A00FA7B95 /* ContentView.swift */ = {isa = PBXFileReference; lastKnownFileType = sourcecode.swift; path = ContentView.swift; sourceTree = "<group>"; };
		FFE40C09290A5D8D00FA7B95 /* Assets.xcassets */ = {isa = PBXFileReference; lastKnownFileType = folder.assetcatalog; path = Assets.xcassets; sourceTree = "<group>"; };
		FFE40C0C290A5D8D00FA7B95 /* Preview Assets.xcassets */ = {isa = PBXFileReference; lastKnownFileType = folder.assetcatalog; path = "Preview Assets.xcassets"; sourceTree = "<group>"; };
		FFE40C14290A67C800FA7B95 /* AnswerView.swift */ = {isa = PBXFileReference; lastKnownFileType = sourcecode.swift; path = AnswerView.swift; sourceTree = "<group>"; };
		FFE40C16290A6C8400FA7B95 /* BackgoundView.swift */ = {isa = PBXFileReference; lastKnownFileType = sourcecode.swift; path = BackgoundView.swift; sourceTree = "<group>"; };
		FFE40C18290C139C00FA7B95 /* SoundPlayer.swift */ = {isa = PBXFileReference; lastKnownFileType = sourcecode.swift; path = SoundPlayer.swift; sourceTree = "<group>"; };
		FFE40C1C290C8E0E00FA7B95 /* OperatorModel.swift */ = {isa = PBXFileReference; lastKnownFileType = sourcecode.swift; path = OperatorModel.swift; sourceTree = "<group>"; };
/* End PBXFileReference section */

/* Begin PBXFrameworksBuildPhase section */
		FFE40BFF290A5D8A00FA7B95 /* Frameworks */ = {
			isa = PBXFrameworksBuildPhase;
			buildActionMask = 2147483647;
			files = (
			);
			runOnlyForDeploymentPostprocessing = 0;
		};
/* End PBXFrameworksBuildPhase section */

/* Begin PBXGroup section */
		FFE40BF9290A5D8A00FA7B95 = {
			isa = PBXGroup;
			children = (
				FFE40C04290A5D8A00FA7B95 /* AnzanEnhanceApp */,
				FFE40C03290A5D8A00FA7B95 /* Products */,
			);
			sourceTree = "<group>";
		};
		FFE40C03290A5D8A00FA7B95 /* Products */ = {
			isa = PBXGroup;
			children = (
				FFE40C02290A5D8A00FA7B95 /* AnzanEnhanceApp.app */,
			);
			name = Products;
			sourceTree = "<group>";
		};
		FFE40C04290A5D8A00FA7B95 /* AnzanEnhanceApp */ = {
			isa = PBXGroup;
			children = (
				FFE40C05290A5D8A00FA7B95 /* AnzanEnhanceAppApp.swift */,
				FFE40C18290C139C00FA7B95 /* SoundPlayer.swift */,
				FFE40C1B290C8DE300FA7B95 /* View */,
				FFE40C1A290C8DD100FA7B95 /* Model */,
				FFE40C09290A5D8D00FA7B95 /* Assets.xcassets */,
				FFE40C0B290A5D8D00FA7B95 /* Preview Content */,
			);
			path = AnzanEnhanceApp;
			sourceTree = "<group>";
		};
		FFE40C0B290A5D8D00FA7B95 /* Preview Content */ = {
			isa = PBXGroup;
			children = (
				FFE40C0C290A5D8D00FA7B95 /* Preview Assets.xcassets */,
			);
			path = "Preview Content";
			sourceTree = "<group>";
		};
		FFE40C1A290C8DD100FA7B95 /* Model */ = {
			isa = PBXGroup;
			children = (
				FFE40C1C290C8E0E00FA7B95 /* OperatorModel.swift */,
			);
			path = Model;
			sourceTree = "<group>";
		};
		FFE40C1B290C8DE300FA7B95 /* View */ = {
			isa = PBXGroup;
			children = (
				FFE40C07290A5D8A00FA7B95 /* ContentView.swift */,
				FFE40C16290A6C8400FA7B95 /* BackgoundView.swift */,
				FFE40C14290A67C800FA7B95 /* AnswerView.swift */,
			);
			path = View;
			sourceTree = "<group>";
		};
/* End PBXGroup section */

/* Begin PBXNativeTarget section */
		FFE40C01290A5D8A00FA7B95 /* AnzanEnhanceApp */ = {
			isa = PBXNativeTarget;
			buildConfigurationList = FFE40C10290A5D8D00FA7B95 /* Build configuration list for PBXNativeTarget "AnzanEnhanceApp" */;
			buildPhases = (
				FFE40BFE290A5D8A00FA7B95 /* Sources */,
				FFE40BFF290A5D8A00FA7B95 /* Frameworks */,
				FFE40C00290A5D8A00FA7B95 /* Resources */,
				FFE40C13290A603100FA7B95 /* ShellScript */,
			);
			buildRules = (
			);
			dependencies = (
			);
			name = AnzanEnhanceApp;
			productName = AnzanEnhanceApp;
			productReference = FFE40C02290A5D8A00FA7B95 /* AnzanEnhanceApp.app */;
			productType = "com.apple.product-type.application";
		};
/* End PBXNativeTarget section */

/* Begin PBXProject section */
		FFE40BFA290A5D8A00FA7B95 /* Project object */ = {
			isa = PBXProject;
			attributes = {
				BuildIndependentTargetsInParallel = 1;
				LastSwiftUpdateCheck = 1340;
				LastUpgradeCheck = 1340;
				TargetAttributes = {
					FFE40C01290A5D8A00FA7B95 = {
						CreatedOnToolsVersion = 13.4.1;
					};
				};
			};
			buildConfigurationList = FFE40BFD290A5D8A00FA7B95 /* Build configuration list for PBXProject "AnzanEnhanceApp" */;
			compatibilityVersion = "Xcode 13.0";
			developmentRegion = en;
			hasScannedForEncodings = 0;
			knownRegions = (
				en,
				Base,
			);
			mainGroup = FFE40BF9290A5D8A00FA7B95;
			productRefGroup = FFE40C03290A5D8A00FA7B95 /* Products */;
			projectDirPath = "";
			projectRoot = "";
			targets = (
				FFE40C01290A5D8A00FA7B95 /* AnzanEnhanceApp */,
			);
		};
/* End PBXProject section */

/* Begin PBXResourcesBuildPhase section */
		FFE40C00290A5D8A00FA7B95 /* Resources */ = {
			isa = PBXResourcesBuildPhase;
			buildActionMask = 2147483647;
			files = (
				FFE40C0D290A5D8D00FA7B95 /* Preview Assets.xcassets in Resources */,
				FFE40C0A290A5D8D00FA7B95 /* Assets.xcassets in Resources */,
			);
			runOnlyForDeploymentPostprocessing = 0;
		};
/* End PBXResourcesBuildPhase section */

/* Begin PBXShellScriptBuildPhase section */
		FFE40C13290A603100FA7B95 /* ShellScript */ = {
			isa = PBXShellScriptBuildPhase;
			buildActionMask = 2147483647;
			files = (
			);
			inputFileListPaths = (
			);
			inputPaths = (
			);
			outputFileListPaths = (
			);
			outputPaths = (
			);
			runOnlyForDeploymentPostprocessing = 0;
			shellPath = /bin/sh;
			shellScript = "export PATH=\"$PATH:/opt/homebrew/bin\"\n\nif which swiftlint; then\n\n    swiftlint\n\nelse\n\n  echo \"warning: SwiftLint not installed, download from https://github.com/realm/SwiftLint\"\n\nfi\n";
		};
/* End PBXShellScriptBuildPhase section */

/* Begin PBXSourcesBuildPhase section */
		FFE40BFE290A5D8A00FA7B95 /* Sources */ = {
			isa = PBXSourcesBuildPhase;
			buildActionMask = 2147483647;
			files = (
				FFE40C08290A5D8A00FA7B95 /* ContentView.swift in Sources */,
				FFE40C1D290C8E0E00FA7B95 /* OperatorModel.swift in Sources */,
				FFE40C06290A5D8A00FA7B95 /* AnzanEnhanceAppApp.swift in Sources */,
				FFE40C19290C139C00FA7B95 /* SoundPlayer.swift in Sources */,
				FFE40C15290A67C800FA7B95 /* AnswerView.swift in Sources */,
				FFE40C17290A6C8400FA7B95 /* BackgoundView.swift in Sources */,
			);
			runOnlyForDeploymentPostprocessing = 0;
		};
/* End PBXSourcesBuildPhase section */

/* Begin XCBuildConfiguration section */
		FFE40C0E290A5D8D00FA7B95 /* Debug */ = {
			isa = XCBuildConfiguration;
			buildSettings = {
				ALWAYS_SEARCH_USER_PATHS = NO;
				CLANG_ANALYZER_NONNULL = YES;
				CLANG_ANALYZER_NUMBER_OBJECT_CONVERSION = YES_AGGRESSIVE;
				CLANG_CXX_LANGUAGE_STANDARD = "gnu++17";
				CLANG_ENABLE_MODULES = YES;
				CLANG_ENABLE_OBJC_ARC = YES;
				CLANG_ENABLE_OBJC_WEAK = YES;
				CLANG_WARN_BLOCK_CAPTURE_AUTORELEASING = YES;
				CLANG_WARN_BOOL_CONVERSION = YES;
				CLANG_WARN_COMMA = YES;
				CLANG_WARN_CONSTANT_CONVERSION = YES;
				CLANG_WARN_DEPRECATED_OBJC_IMPLEMENTATIONS = YES;
				CLANG_WARN_DIRECT_OBJC_ISA_USAGE = YES_ERROR;
				CLANG_WARN_DOCUMENTATION_COMMENTS = YES;
				CLANG_WARN_EMPTY_BODY = YES;
				CLANG_WARN_ENUM_CONVERSION = YES;
				CLANG_WARN_INFINITE_RECURSION = YES;
				CLANG_WARN_INT_CONVERSION = YES;
				CLANG_WARN_NON_LITERAL_NULL_CONVERSION = YES;
				CLANG_WARN_OBJC_IMPLICIT_RETAIN_SELF = YES;
				CLANG_WARN_OBJC_LITERAL_CONVERSION = YES;
				CLANG_WARN_OBJC_ROOT_CLASS = YES_ERROR;
				CLANG_WARN_QUOTED_INCLUDE_IN_FRAMEWORK_HEADER = YES;
				CLANG_WARN_RANGE_LOOP_ANALYSIS = YES;
				CLANG_WARN_STRICT_PROTOTYPES = YES;
				CLANG_WARN_SUSPICIOUS_MOVE = YES;
				CLANG_WARN_UNGUARDED_AVAILABILITY = YES_AGGRESSIVE;
				CLANG_WARN_UNREACHABLE_CODE = YES;
				CLANG_WARN__DUPLICATE_METHOD_MATCH = YES;
				COPY_PHASE_STRIP = NO;
				DEBUG_INFORMATION_FORMAT = dwarf;
				ENABLE_STRICT_OBJC_MSGSEND = YES;
				ENABLE_TESTABILITY = YES;
				GCC_C_LANGUAGE_STANDARD = gnu11;
				GCC_DYNAMIC_NO_PIC = NO;
				GCC_NO_COMMON_BLOCKS = YES;
				GCC_OPTIMIZATION_LEVEL = 0;
				GCC_PREPROCESSOR_DEFINITIONS = (
					"DEBUG=1",
					"$(inherited)",
				);
				GCC_WARN_64_TO_32_BIT_CONVERSION = YES;
				GCC_WARN_ABOUT_RETURN_TYPE = YES_ERROR;
				GCC_WARN_UNDECLARED_SELECTOR = YES;
				GCC_WARN_UNINITIALIZED_AUTOS = YES_AGGRESSIVE;
				GCC_WARN_UNUSED_FUNCTION = YES;
				GCC_WARN_UNUSED_VARIABLE = YES;
				IPHONEOS_DEPLOYMENT_TARGET = 15.5;
				MTL_ENABLE_DEBUG_INFO = INCLUDE_SOURCE;
				MTL_FAST_MATH = YES;
				ONLY_ACTIVE_ARCH = YES;
				SDKROOT = iphoneos;
				SWIFT_ACTIVE_COMPILATION_CONDITIONS = DEBUG;
				SWIFT_OPTIMIZATION_LEVEL = "-Onone";
			};
			name = Debug;
		};
		FFE40C0F290A5D8D00FA7B95 /* Release */ = {
			isa = XCBuildConfiguration;
			buildSettings = {
				ALWAYS_SEARCH_USER_PATHS = NO;
				CLANG_ANALYZER_NONNULL = YES;
				CLANG_ANALYZER_NUMBER_OBJECT_CONVERSION = YES_AGGRESSIVE;
				CLANG_CXX_LANGUAGE_STANDARD = "gnu++17";
				CLANG_ENABLE_MODULES = YES;
				CLANG_ENABLE_OBJC_ARC = YES;
				CLANG_ENABLE_OBJC_WEAK = YES;
				CLANG_WARN_BLOCK_CAPTURE_AUTORELEASING = YES;
				CLANG_WARN_BOOL_CONVERSION = YES;
				CLANG_WARN_COMMA = YES;
				CLANG_WARN_CONSTANT_CONVERSION = YES;
				CLANG_WARN_DEPRECATED_OBJC_IMPLEMENTATIONS = YES;
				CLANG_WARN_DIRECT_OBJC_ISA_USAGE = YES_ERROR;
				CLANG_WARN_DOCUMENTATION_COMMENTS = YES;
				CLANG_WARN_EMPTY_BODY = YES;
				CLANG_WARN_ENUM_CONVERSION = YES;
				CLANG_WARN_INFINITE_RECURSION = YES;
				CLANG_WARN_INT_CONVERSION = YES;
				CLANG_WARN_NON_LITERAL_NULL_CONVERSION = YES;
				CLANG_WARN_OBJC_IMPLICIT_RETAIN_SELF = YES;
				CLANG_WARN_OBJC_LITERAL_CONVERSION = YES;
				CLANG_WARN_OBJC_ROOT_CLASS = YES_ERROR;
				CLANG_WARN_QUOTED_INCLUDE_IN_FRAMEWORK_HEADER = YES;
				CLANG_WARN_RANGE_LOOP_ANALYSIS = YES;
				CLANG_WARN_STRICT_PROTOTYPES = YES;
				CLANG_WARN_SUSPICIOUS_MOVE = YES;
				CLANG_WARN_UNGUARDED_AVAILABILITY = YES_AGGRESSIVE;
				CLANG_WARN_UNREACHABLE_CODE = YES;
				CLANG_WARN__DUPLICATE_METHOD_MATCH = YES;
				COPY_PHASE_STRIP = NO;
				DEBUG_INFORMATION_FORMAT = "dwarf-with-dsym";
				ENABLE_NS_ASSERTIONS = NO;
				ENABLE_STRICT_OBJC_MSGSEND = YES;
				GCC_C_LANGUAGE_STANDARD = gnu11;
				GCC_NO_COMMON_BLOCKS = YES;
				GCC_WARN_64_TO_32_BIT_CONVERSION = YES;
				GCC_WARN_ABOUT_RETURN_TYPE = YES_ERROR;
				GCC_WARN_UNDECLARED_SELECTOR = YES;
				GCC_WARN_UNINITIALIZED_AUTOS = YES_AGGRESSIVE;
				GCC_WARN_UNUSED_FUNCTION = YES;
				GCC_WARN_UNUSED_VARIABLE = YES;
				IPHONEOS_DEPLOYMENT_TARGET = 15.5;
				MTL_ENABLE_DEBUG_INFO = NO;
				MTL_FAST_MATH = YES;
				SDKROOT = iphoneos;
				SWIFT_COMPILATION_MODE = wholemodule;
				SWIFT_OPTIMIZATION_LEVEL = "-O";
				VALIDATE_PRODUCT = YES;
			};
			name = Release;
		};
		FFE40C11290A5D8D00FA7B95 /* Debug */ = {
			isa = XCBuildConfiguration;
			buildSettings = {
				ASSETCATALOG_COMPILER_APPICON_NAME = AppIcon;
				ASSETCATALOG_COMPILER_GLOBAL_ACCENT_COLOR_NAME = AccentColor;
				CODE_SIGN_STYLE = Automatic;
				CURRENT_PROJECT_VERSION = 1;
				DEVELOPMENT_ASSET_PATHS = "\"AnzanEnhanceApp/Preview Content\"";
				DEVELOPMENT_TEAM = 3H6C67VURA;
				ENABLE_PREVIEWS = YES;
				GENERATE_INFOPLIST_FILE = YES;
				INFOPLIST_KEY_UIApplicationSceneManifest_Generation = YES;
				INFOPLIST_KEY_UIApplicationSupportsIndirectInputEvents = YES;
				INFOPLIST_KEY_UILaunchScreen_Generation = YES;
				INFOPLIST_KEY_UISupportedInterfaceOrientations_iPad = "UIInterfaceOrientationPortrait UIInterfaceOrientationPortraitUpsideDown UIInterfaceOrientationLandscapeLeft UIInterfaceOrientationLandscapeRight";
				INFOPLIST_KEY_UISupportedInterfaceOrientations_iPhone = "UIInterfaceOrientationPortrait UIInterfaceOrientationLandscapeLeft UIInterfaceOrientationLandscapeRight";
				LD_RUNPATH_SEARCH_PATHS = (
					"$(inherited)",
					"@executable_path/Frameworks",
				);
				MARKETING_VERSION = 1.0;
				PRODUCT_BUNDLE_IDENTIFIER = com.gmail.jinkirino.AnzanEnhanceApp;
				PRODUCT_NAME = "$(TARGET_NAME)";
				SWIFT_EMIT_LOC_STRINGS = YES;
				SWIFT_VERSION = 5.0;
				TARGETED_DEVICE_FAMILY = "1,2";
			};
			name = Debug;
		};
		FFE40C12290A5D8D00FA7B95 /* Release */ = {
			isa = XCBuildConfiguration;
			buildSettings = {
				ASSETCATALOG_COMPILER_APPICON_NAME = AppIcon;
				ASSETCATALOG_COMPILER_GLOBAL_ACCENT_COLOR_NAME = AccentColor;
				CODE_SIGN_STYLE = Automatic;
				CURRENT_PROJECT_VERSION = 1;
				DEVELOPMENT_ASSET_PATHS = "\"AnzanEnhanceApp/Preview Content\"";
				DEVELOPMENT_TEAM = 3H6C67VURA;
				ENABLE_PREVIEWS = YES;
				GENERATE_INFOPLIST_FILE = YES;
				INFOPLIST_KEY_UIApplicationSceneManifest_Generation = YES;
				INFOPLIST_KEY_UIApplicationSupportsIndirectInputEvents = YES;
				INFOPLIST_KEY_UILaunchScreen_Generation = YES;
				INFOPLIST_KEY_UISupportedInterfaceOrientations_iPad = "UIInterfaceOrientationPortrait UIInterfaceOrientationPortraitUpsideDown UIInterfaceOrientationLandscapeLeft UIInterfaceOrientationLandscapeRight";
				INFOPLIST_KEY_UISupportedInterfaceOrientations_iPhone = "UIInterfaceOrientationPortrait UIInterfaceOrientationLandscapeLeft UIInterfaceOrientationLandscapeRight";
				LD_RUNPATH_SEARCH_PATHS = (
					"$(inherited)",
					"@executable_path/Frameworks",
				);
				MARKETING_VERSION = 1.0;
				PRODUCT_BUNDLE_IDENTIFIER = com.gmail.jinkirino.AnzanEnhanceApp;
				PRODUCT_NAME = "$(TARGET_NAME)";
				SWIFT_EMIT_LOC_STRINGS = YES;
				SWIFT_VERSION = 5.0;
				TARGETED_DEVICE_FAMILY = "1,2";
			};
			name = Release;
		};
/* End XCBuildConfiguration section */

/* Begin XCConfigurationList section */
		FFE40BFD290A5D8A00FA7B95 /* Build configuration list for PBXProject "AnzanEnhanceApp" */ = {
			isa = XCConfigurationList;
			buildConfigurations = (
				FFE40C0E290A5D8D00FA7B95 /* Debug */,
				FFE40C0F290A5D8D00FA7B95 /* Release */,
			);
			defaultConfigurationIsVisible = 0;
			defaultConfigurationName = Release;
		};
		FFE40C10290A5D8D00FA7B95 /* Build configuration list for PBXNativeTarget "AnzanEnhanceApp" */ = {
			isa = XCConfigurationList;
			buildConfigurations = (
				FFE40C11290A5D8D00FA7B95 /* Debug */,
				FFE40C12290A5D8D00FA7B95 /* Release */,
			);
			defaultConfigurationIsVisible = 0;
			defaultConfigurationName = Release;
		};
/* End XCConfigurationList section */
	};
	rootObject = FFE40BFA290A5D8A00FA7B95 /* Project object */;
}
